
Microsoft Visual Studio Solution File, Format Version 11.00
# Visual Studio 2010
Project("{FAE04EC0-301F-11D3-BF4B-00C04F79EFBC}") = "TestCopyFile", "TestCopyFile\TestCopyFile.csproj", "{838D35E1-F809-4AB8-A63D-299E814FE6CA}"
EndProject
Project("{FAE04EC0-301F-11D3-BF4B-00C04F79EFBC}") = "ToolBox", "TCPListen\ToolBox.csproj", "{F256958A-6599-4360-8730-29D5FAC3873A}"
EndProject
Project("{FAE04EC0-301F-11D3-BF4B-00C04F79EFBC}") = "SmallP", "SmallP\SmallP.csproj", "{C076CAE2-B3B8-4B56-9CF6-B70CE55D7746}"
EndProject
Global
	GlobalSection(SolutionConfigurationPlatforms) = preSolution
		Debug|Any CPU = Debug|Any CPU
		Release|Any CPU = Release|Any CPU
	EndGlobalSection
	GlobalSection(ProjectConfigurationPlatforms) = postSolution
		{838D35E1-F809-4AB8-A63D-299E814FE6CA}.Debug|Any CPU.ActiveCfg = Debug|Any CPU
		{838D35E1-F809-4AB8-A63D-299E814FE6CA}.Debug|Any CPU.Build.0 = Debug|Any CPU
		{838D35E1-F809-4AB8-A63D-299E814FE6CA}.Release|Any CPU.ActiveCfg = Release|Any CPU
		{838D35E1-F809-4AB8-A63D-299E814FE6CA}.Release|Any CPU.Build.0 = Release|Any CPU
		{F256958A-6599-4360-8730-29D5FAC3873A}.Debug|Any CPU.ActiveCfg = Debug|Any CPU
		{F256958A-6599-4360-8730-29D5FAC3873A}.Debug|Any CPU.Build.0 = Debug|Any CPU
		{F256958A-6599-4360-8730-29D5FAC3873A}.Release|Any CPU.ActiveCfg = Release|Any CPU
		{F256958A-6599-4360-8730-29D5FAC3873A}.Release|Any CPU.Build.0 = Release|Any CPU
		{C076CAE2-B3B8-4B56-9CF6-B70CE55D7746}.Debug|Any CPU.ActiveCfg = Debug|Any CPU
		{C076CAE2-B3B8-4B56-9CF6-B70CE55D7746}.Debug|Any CPU.Build.0 = Debug|Any CPU
		{C076CAE2-B3B8-4B56-9CF6-B70CE55D7746}.Release|Any CPU.ActiveCfg = Release|Any CPU
		{C076CAE2-B3B8-4B56-9CF6-B70CE55D7746}.Release|Any CPU.Build.0 = Release|Any CPU
	EndGlobalSection
	GlobalSection(SolutionProperties) = preSolution
		HideSolutionNode = FALSE
	EndGlobalSection
EndGlobal
