
Microsoft Visual Studio Solution File, Format Version 11.00
# Visual Studio 2010
Project("{FAE04EC0-301F-11D3-BF4B-00C04F79EFBC}") = "TestCopyFile", "TestCopyFile\TestCopyFile.csproj", "{838D35E1-F809-4AB8-A63D-299E814FE6CA}"
EndProject
Project("{FAE04EC0-301F-11D3-BF4B-00C04F79EFBC}") = "ToolBox", "TCPListen\ToolBox.csproj", "{F256958A-6599-4360-8730-29D5FAC3873A}"
EndProject
Project("{FAE04EC0-301F-11D3-BF4B-00C04F79EFBC}") = "SmallP", "SmallP\SmallP.csproj", "{C076CAE2-B3B8-4B56-9CF6-B70CE55D7746}"
EndProject
Project("{FAE04EC0-301F-11D3-BF4B-00C04F79EFBC}") = "Localizable", "Localizable\Localizable.csproj", "{0003E9BF-C6DD-420F-8518-E19EF2221408}"
EndProject
Project("{FAE04EC0-301F-11D3-BF4B-00C04F79EFBC}") = "ABFactory", "ABFactory\ABFactory.csproj", "{55F0FCE2-FA4D-454E-B281-B4034903FF39}"
EndProject
Project("{FAE04EC0-301F-11D3-BF4B-00C04F79EFBC}") = "JustDoIt", "JustDoIt\JustDoIt.csproj", "{B91AA49C-86BD-4A92-A377-81DD764F410D}"
EndProject
Project("{FAE04EC0-301F-11D3-BF4B-00C04F79EFBC}") = "ToolLibrary", "ToolLibrary\ToolLibrary.csproj", "{E4057991-A925-4514-91F9-7B9469F12EDD}"
EndProject
Global
	GlobalSection(SolutionConfigurationPlatforms) = preSolution
		Debug|Any CPU = Debug|Any CPU
		Debug|Mixed Platforms = Debug|Mixed Platforms
		Debug|x86 = Debug|x86
		Release|Any CPU = Release|Any CPU
		Release|Mixed Platforms = Release|Mixed Platforms
		Release|x86 = Release|x86
	EndGlobalSection
	GlobalSection(ProjectConfigurationPlatforms) = postSolution
		{838D35E1-F809-4AB8-A63D-299E814FE6CA}.Debug|Any CPU.ActiveCfg = Debug|Any CPU
		{838D35E1-F809-4AB8-A63D-299E814FE6CA}.Debug|Any CPU.Build.0 = Debug|Any CPU
		{838D35E1-F809-4AB8-A63D-299E814FE6CA}.Debug|Mixed Platforms.ActiveCfg = Debug|Any CPU
		{838D35E1-F809-4AB8-A63D-299E814FE6CA}.Debug|Mixed Platforms.Build.0 = Debug|Any CPU
		{838D35E1-F809-4AB8-A63D-299E814FE6CA}.Debug|x86.ActiveCfg = Debug|Any CPU
		{838D35E1-F809-4AB8-A63D-299E814FE6CA}.Release|Any CPU.ActiveCfg = Release|Any CPU
		{838D35E1-F809-4AB8-A63D-299E814FE6CA}.Release|Any CPU.Build.0 = Release|Any CPU
		{838D35E1-F809-4AB8-A63D-299E814FE6CA}.Release|Mixed Platforms.ActiveCfg = Release|Any CPU
		{838D35E1-F809-4AB8-A63D-299E814FE6CA}.Release|Mixed Platforms.Build.0 = Release|Any CPU
		{838D35E1-F809-4AB8-A63D-299E814FE6CA}.Release|x86.ActiveCfg = Release|Any CPU
		{F256958A-6599-4360-8730-29D5FAC3873A}.Debug|Any CPU.ActiveCfg = Debug|Any CPU
		{F256958A-6599-4360-8730-29D5FAC3873A}.Debug|Any CPU.Build.0 = Debug|Any CPU
		{F256958A-6599-4360-8730-29D5FAC3873A}.Debug|Mixed Platforms.ActiveCfg = Debug|Any CPU
		{F256958A-6599-4360-8730-29D5FAC3873A}.Debug|Mixed Platforms.Build.0 = Debug|Any CPU
		{F256958A-6599-4360-8730-29D5FAC3873A}.Debug|x86.ActiveCfg = Debug|Any CPU
		{F256958A-6599-4360-8730-29D5FAC3873A}.Release|Any CPU.ActiveCfg = Release|Any CPU
		{F256958A-6599-4360-8730-29D5FAC3873A}.Release|Any CPU.Build.0 = Release|Any CPU
		{F256958A-6599-4360-8730-29D5FAC3873A}.Release|Mixed Platforms.ActiveCfg = Release|Any CPU
		{F256958A-6599-4360-8730-29D5FAC3873A}.Release|Mixed Platforms.Build.0 = Release|Any CPU
		{F256958A-6599-4360-8730-29D5FAC3873A}.Release|x86.ActiveCfg = Release|Any CPU
		{C076CAE2-B3B8-4B56-9CF6-B70CE55D7746}.Debug|Any CPU.ActiveCfg = Debug|Any CPU
		{C076CAE2-B3B8-4B56-9CF6-B70CE55D7746}.Debug|Any CPU.Build.0 = Debug|Any CPU
		{C076CAE2-B3B8-4B56-9CF6-B70CE55D7746}.Debug|Mixed Platforms.ActiveCfg = Debug|Any CPU
		{C076CAE2-B3B8-4B56-9CF6-B70CE55D7746}.Debug|Mixed Platforms.Build.0 = Debug|Any CPU
		{C076CAE2-B3B8-4B56-9CF6-B70CE55D7746}.Debug|x86.ActiveCfg = Debug|Any CPU
		{C076CAE2-B3B8-4B56-9CF6-B70CE55D7746}.Release|Any CPU.ActiveCfg = Release|Any CPU
		{C076CAE2-B3B8-4B56-9CF6-B70CE55D7746}.Release|Any CPU.Build.0 = Release|Any CPU
		{C076CAE2-B3B8-4B56-9CF6-B70CE55D7746}.Release|Mixed Platforms.ActiveCfg = Release|Any CPU
		{C076CAE2-B3B8-4B56-9CF6-B70CE55D7746}.Release|Mixed Platforms.Build.0 = Release|Any CPU
		{C076CAE2-B3B8-4B56-9CF6-B70CE55D7746}.Release|x86.ActiveCfg = Release|Any CPU
		{0003E9BF-C6DD-420F-8518-E19EF2221408}.Debug|Any CPU.ActiveCfg = Debug|x86
		{0003E9BF-C6DD-420F-8518-E19EF2221408}.Debug|Mixed Platforms.ActiveCfg = Debug|x86
		{0003E9BF-C6DD-420F-8518-E19EF2221408}.Debug|Mixed Platforms.Build.0 = Debug|x86
		{0003E9BF-C6DD-420F-8518-E19EF2221408}.Debug|x86.ActiveCfg = Debug|x86
		{0003E9BF-C6DD-420F-8518-E19EF2221408}.Debug|x86.Build.0 = Debug|x86
		{0003E9BF-C6DD-420F-8518-E19EF2221408}.Release|Any CPU.ActiveCfg = Release|x86
		{0003E9BF-C6DD-420F-8518-E19EF2221408}.Release|Mixed Platforms.ActiveCfg = Release|x86
		{0003E9BF-C6DD-420F-8518-E19EF2221408}.Release|Mixed Platforms.Build.0 = Release|x86
		{0003E9BF-C6DD-420F-8518-E19EF2221408}.Release|x86.ActiveCfg = Release|x86
		{0003E9BF-C6DD-420F-8518-E19EF2221408}.Release|x86.Build.0 = Release|x86
		{55F0FCE2-FA4D-454E-B281-B4034903FF39}.Debug|Any CPU.ActiveCfg = Debug|Any CPU
		{55F0FCE2-FA4D-454E-B281-B4034903FF39}.Debug|Any CPU.Build.0 = Debug|Any CPU
		{55F0FCE2-FA4D-454E-B281-B4034903FF39}.Debug|Mixed Platforms.ActiveCfg = Debug|Any CPU
		{55F0FCE2-FA4D-454E-B281-B4034903FF39}.Debug|Mixed Platforms.Build.0 = Debug|Any CPU
		{55F0FCE2-FA4D-454E-B281-B4034903FF39}.Debug|x86.ActiveCfg = Debug|Any CPU
		{55F0FCE2-FA4D-454E-B281-B4034903FF39}.Release|Any CPU.ActiveCfg = Release|Any CPU
		{55F0FCE2-FA4D-454E-B281-B4034903FF39}.Release|Any CPU.Build.0 = Release|Any CPU
		{55F0FCE2-FA4D-454E-B281-B4034903FF39}.Release|Mixed Platforms.ActiveCfg = Release|Any CPU
		{55F0FCE2-FA4D-454E-B281-B4034903FF39}.Release|Mixed Platforms.Build.0 = Release|Any CPU
		{55F0FCE2-FA4D-454E-B281-B4034903FF39}.Release|x86.ActiveCfg = Release|Any CPU
		{B91AA49C-86BD-4A92-A377-81DD764F410D}.Debug|Any CPU.ActiveCfg = Debug|x86
		{B91AA49C-86BD-4A92-A377-81DD764F410D}.Debug|Mixed Platforms.ActiveCfg = Debug|x86
		{B91AA49C-86BD-4A92-A377-81DD764F410D}.Debug|Mixed Platforms.Build.0 = Debug|x86
		{B91AA49C-86BD-4A92-A377-81DD764F410D}.Debug|x86.ActiveCfg = Debug|x86
		{B91AA49C-86BD-4A92-A377-81DD764F410D}.Debug|x86.Build.0 = Debug|x86
		{B91AA49C-86BD-4A92-A377-81DD764F410D}.Release|Any CPU.ActiveCfg = Release|x86
		{B91AA49C-86BD-4A92-A377-81DD764F410D}.Release|Mixed Platforms.ActiveCfg = Release|x86
		{B91AA49C-86BD-4A92-A377-81DD764F410D}.Release|Mixed Platforms.Build.0 = Release|x86
		{B91AA49C-86BD-4A92-A377-81DD764F410D}.Release|x86.ActiveCfg = Release|x86
		{B91AA49C-86BD-4A92-A377-81DD764F410D}.Release|x86.Build.0 = Release|x86
		{E4057991-A925-4514-91F9-7B9469F12EDD}.Debug|Any CPU.ActiveCfg = Debug|Any CPU
		{E4057991-A925-4514-91F9-7B9469F12EDD}.Debug|Any CPU.Build.0 = Debug|Any CPU
		{E4057991-A925-4514-91F9-7B9469F12EDD}.Debug|Mixed Platforms.ActiveCfg = Debug|Any CPU
		{E4057991-A925-4514-91F9-7B9469F12EDD}.Debug|Mixed Platforms.Build.0 = Debug|Any CPU
		{E4057991-A925-4514-91F9-7B9469F12EDD}.Debug|x86.ActiveCfg = Debug|Any CPU
		{E4057991-A925-4514-91F9-7B9469F12EDD}.Release|Any CPU.ActiveCfg = Release|Any CPU
		{E4057991-A925-4514-91F9-7B9469F12EDD}.Release|Any CPU.Build.0 = Release|Any CPU
		{E4057991-A925-4514-91F9-7B9469F12EDD}.Release|Mixed Platforms.ActiveCfg = Release|Any CPU
		{E4057991-A925-4514-91F9-7B9469F12EDD}.Release|Mixed Platforms.Build.0 = Release|Any CPU
		{E4057991-A925-4514-91F9-7B9469F12EDD}.Release|x86.ActiveCfg = Release|Any CPU
	EndGlobalSection
	GlobalSection(SolutionProperties) = preSolution
		HideSolutionNode = FALSE
	EndGlobalSection
EndGlobal
